<?xml version="1.0"?>
<Project ToolsVersion="4.0" xmlns="http://schemas.microsoft.com/developer/msbuild/2003">
	<ItemGroup>
		<ClCompile Include="src\ofApp.cpp">
			<Filter>src</Filter>
		</ClCompile>
		<ClCompile Include="src\main.cpp">
			<Filter>src</Filter>
		</ClCompile>
		<ClCompile Include="..\..\..\addons\ofxEdsdk\src\EdsWrapper\EdsExamples.cpp">
			<Filter>addons\ofxEdsdk\src\EdsWrapper</Filter>
		</ClCompile>
		<ClCompile Include="..\..\..\addons\ofxEdsdk\src\EdsWrapper\EdsException.cpp">
			<Filter>addons\ofxEdsdk\src\EdsWrapper</Filter>
		</ClCompile>
		<ClCompile Include="..\..\..\addons\ofxEdsdk\src\EdsWrapper\EdsStrings.cpp">
			<Filter>addons\ofxEdsdk\src\EdsWrapper</Filter>
		</ClCompile>
		<ClCompile Include="..\..\..\addons\ofxEdsdk\src\EdsWrapper\EdsWrapper.cpp">
			<Filter>addons\ofxEdsdk\src\EdsWrapper</Filter>
		</ClCompile>
		<ClCompile Include="..\..\..\addons\ofxEdsdk\src\ofxEdsdk.cpp">
			<Filter>addons\ofxEdsdk\src</Filter>
		</ClCompile>
		<ClCompile Include="..\..\..\addons\ofxImGui\src\BaseEngine.cpp">
			<Filter>addons\ofxImGui\src</Filter>
		</ClCompile>
		<ClCompile Include="..\..\..\addons\ofxImGui\src\BaseTheme.cpp">
			<Filter>addons\ofxImGui\src</Filter>
		</ClCompile>
		<ClCompile Include="..\..\..\addons\ofxImGui\src\EngineGLFW.cpp">
			<Filter>addons\ofxImGui\src</Filter>
		</ClCompile>
		<ClCompile Include="..\..\..\addons\ofxImGui\src\EngineOpenGLES.cpp">
			<Filter>addons\ofxImGui\src</Filter>
		</ClCompile>
		<ClCompile Include="..\..\..\addons\ofxImGui\src\ofxImGui.cpp">
			<Filter>addons\ofxImGui\src</Filter>
		</ClCompile>
		<ClCompile Include="..\..\..\addons\ofxImGui\libs\imgui\src\imgui.cpp">
			<Filter>addons\ofxImGui\libs\imgui\src</Filter>
		</ClCompile>
		<ClCompile Include="..\..\..\addons\ofxImGui\libs\imgui\src\imgui_demo.cpp">
			<Filter>addons\ofxImGui\libs\imgui\src</Filter>
		</ClCompile>
		<ClCompile Include="..\..\..\addons\ofxImGui\libs\imgui\src\imgui_draw.cpp">
			<Filter>addons\ofxImGui\libs\imgui\src</Filter>
		</ClCompile>
		<ClCompile Include="..\..\..\addons\ofxXmlSettings\src\ofxXmlSettings.cpp">
			<Filter>addons\ofxXmlSettings\src</Filter>
		</ClCompile>
		<ClCompile Include="..\..\..\addons\ofxXmlSettings\libs\tinyxml.cpp">
			<Filter>addons\ofxXmlSettings\libs</Filter>
		</ClCompile>
		<ClCompile Include="..\..\..\addons\ofxXmlSettings\libs\tinyxmlerror.cpp">
			<Filter>addons\ofxXmlSettings\libs</Filter>
		</ClCompile>
		<ClCompile Include="..\..\..\addons\ofxXmlSettings\libs\tinyxmlparser.cpp">
			<Filter>addons\ofxXmlSettings\libs</Filter>
		</ClCompile>
	</ItemGroup>
	<ItemGroup>
		<Filter Include="src">
			<UniqueIdentifier>{d8376475-7454-4a24-b08a-aac121d3ad6f}</UniqueIdentifier>
		</Filter>
		<Filter Include="addons">
			<UniqueIdentifier>{71834F65-F3A9-211E-73B8-DC85}</UniqueIdentifier>
		</Filter>
		<Filter Include="addons\ofxEdsdk">
			<UniqueIdentifier>{691D37D4-D613-3449-DC51-FDE9}</UniqueIdentifier>
		</Filter>
		<Filter Include="addons\ofxEdsdk\src">
			<UniqueIdentifier>{02F5EA07-89A0-D066-B42E-A593}</UniqueIdentifier>
		</Filter>
		<Filter Include="addons\ofxEdsdk\src\EdsWrapper">
			<UniqueIdentifier>{8AC17759-79F8-D3BA-3E9D-B311}</UniqueIdentifier>
		</Filter>
		<Filter Include="addons\ofxEdsdk\libs">
			<UniqueIdentifier>{A75008A4-F85D-DE08-CA13-5D41}</UniqueIdentifier>
		</Filter>
		<Filter Include="addons\ofxEdsdk\libs\EDSDK">
			<UniqueIdentifier>{AF91399B-8ED5-AD93-33F4-AA7F}</UniqueIdentifier>
		</Filter>
		<Filter Include="addons\ofxEdsdk\libs\EDSDK\include">
			<UniqueIdentifier>{C9AF3426-326B-CAAA-2B6B-D6F2}</UniqueIdentifier>
		</Filter>
		<Filter Include="addons\ofxImGui">
			<UniqueIdentifier>{0CD6A942-69FF-3BAA-3AF1-ADD1}</UniqueIdentifier>
		</Filter>
		<Filter Include="addons\ofxImGui\src">
			<UniqueIdentifier>{18028A43-13D3-1DD5-471A-BE87}</UniqueIdentifier>
		</Filter>
		<Filter Include="addons\ofxImGui\libs">
			<UniqueIdentifier>{BE2F957E-7DA7-055C-DC70-3070}</UniqueIdentifier>
		</Filter>
		<Filter Include="addons\ofxImGui\libs\imgui">
			<UniqueIdentifier>{296AD70B-2F2E-1462-9E7C-6030}</UniqueIdentifier>
		</Filter>
		<Filter Include="addons\ofxImGui\libs\imgui\src">
			<UniqueIdentifier>{5962BF19-1468-EB82-01C0-2E72}</UniqueIdentifier>
		</Filter>
		<Filter Include="addons\ofxXmlSettings">
			<UniqueIdentifier>{877F005D-13E6-0592-1D97-F2E3}</UniqueIdentifier>
		</Filter>
		<Filter Include="addons\ofxXmlSettings\src">
			<UniqueIdentifier>{CCB2AC63-49D2-977C-CFE8-AEAD}</UniqueIdentifier>
		</Filter>
		<Filter Include="addons\ofxXmlSettings\libs">
			<UniqueIdentifier>{687714A8-1662-FA1C-261F-50F0}</UniqueIdentifier>
		</Filter>
	</ItemGroup>
	<ItemGroup>
		<ClInclude Include="src\ofApp.h">
			<Filter>src</Filter>
		</ClInclude>
		<ClInclude Include="..\..\..\addons\ofxEdsdk\src\EdsWrapper\EdsExamples.h">
			<Filter>addons\ofxEdsdk\src\EdsWrapper</Filter>
		</ClInclude>
		<ClInclude Include="..\..\..\addons\ofxEdsdk\src\EdsWrapper\EdsException.h">
			<Filter>addons\ofxEdsdk\src\EdsWrapper</Filter>
		</ClInclude>
		<ClInclude Include="..\..\..\addons\ofxEdsdk\src\EdsWrapper\EdsStrings.h">
			<Filter>addons\ofxEdsdk\src\EdsWrapper</Filter>
		</ClInclude>
		<ClInclude Include="..\..\..\addons\ofxEdsdk\src\EdsWrapper\EdsWrapper.h">
			<Filter>addons\ofxEdsdk\src\EdsWrapper</Filter>
		</ClInclude>
		<ClInclude Include="..\..\..\addons\ofxEdsdk\src\FixedQueue.h">
			<Filter>addons\ofxEdsdk\src</Filter>
		</ClInclude>
		<ClInclude Include="..\..\..\addons\ofxEdsdk\src\ofxEdsdk.h">
			<Filter>addons\ofxEdsdk\src</Filter>
		</ClInclude>
		<ClInclude Include="..\..\..\addons\ofxEdsdk\src\RateTimer.h">
			<Filter>addons\ofxEdsdk\src</Filter>
		</ClInclude>
		<ClInclude Include="..\..\..\addons\ofxEdsdk\libs\EDSDK\include\EDSDK.h">
			<Filter>addons\ofxEdsdk\libs\EDSDK\include</Filter>
		</ClInclude>
		<ClInclude Include="..\..\..\addons\ofxEdsdk\libs\EDSDK\include\EDSDKErrors.h">
			<Filter>addons\ofxEdsdk\libs\EDSDK\include</Filter>
		</ClInclude>
		<ClInclude Include="..\..\..\addons\ofxEdsdk\libs\EDSDK\include\EDSDKTypes.h">
			<Filter>addons\ofxEdsdk\libs\EDSDK\include</Filter>
		</ClInclude>
		<ClInclude Include="..\..\..\addons\ofxImGui\src\BaseEngine.h">
			<Filter>addons\ofxImGui\src</Filter>
		</ClInclude>
		<ClInclude Include="..\..\..\addons\ofxImGui\src\BaseTheme.h">
			<Filter>addons\ofxImGui\src</Filter>
		</ClInclude>
		<ClInclude Include="..\..\..\addons\ofxImGui\src\EngineGLFW.h">
			<Filter>addons\ofxImGui\src</Filter>
		</ClInclude>
		<ClInclude Include="..\..\..\addons\ofxImGui\src\EngineOpenGLES.h">
			<Filter>addons\ofxImGui\src</Filter>
		</ClInclude>
		<ClInclude Include="..\..\..\addons\ofxImGui\src\imconfig.h">
			<Filter>addons\ofxImGui\src</Filter>
		</ClInclude>
		<ClInclude Include="..\..\..\addons\ofxImGui\src\ofxImGui.h">
			<Filter>addons\ofxImGui\src</Filter>
		</ClInclude>
		<ClInclude Include="..\..\..\addons\ofxImGui\src\ThemeTest.h">
			<Filter>addons\ofxImGui\src</Filter>
		</ClInclude>
		<ClInclude Include="..\..\..\addons\ofxImGui\libs\imgui\src\imgui.h">
			<Filter>addons\ofxImGui\libs\imgui\src</Filter>
		</ClInclude>
		<ClInclude Include="..\..\..\addons\ofxImGui\libs\imgui\src\imgui_internal.h">
			<Filter>addons\ofxImGui\libs\imgui\src</Filter>
		</ClInclude>
		<ClInclude Include="..\..\..\addons\ofxImGui\libs\imgui\src\stb_rect_pack.h">
			<Filter>addons\ofxImGui\libs\imgui\src</Filter>
		</ClInclude>
		<ClInclude Include="..\..\..\addons\ofxImGui\libs\imgui\src\stb_textedit.h">
			<Filter>addons\ofxImGui\libs\imgui\src</Filter>
		</ClInclude>
		<ClInclude Include="..\..\..\addons\ofxImGui\libs\imgui\src\stb_truetype.h">
			<Filter>addons\ofxImGui\libs\imgui\src</Filter>
		</ClInclude>
		<ClInclude Include="..\..\..\addons\ofxXmlSettings\src\ofxXmlSettings.h">
			<Filter>addons\ofxXmlSettings\src</Filter>
		</ClInclude>
		<ClInclude Include="..\..\..\addons\ofxXmlSettings\libs\tinyxml.h">
			<Filter>addons\ofxXmlSettings\libs</Filter>
		</ClInclude>
	</ItemGroup>
	<ItemGroup>
		<ResourceCompile Include="icon.rc" />
	</ItemGroup>
</Project>
